{
  "version": 4,
  "terraform_version": "1.1.7",
  "serial": 15,
  "lineage": "c1533115-c72b-543d-4542-e8e1e0077d28",
  "outputs": {},
  "resources": [
    {
      "mode": "managed",
      "type": "azurerm_app_service",
      "name": "webapp",
      "provider": "provider[\"registry.terraform.io/hashicorp/azurerm\"]",
      "instances": [
        {
          "schema_version": 0,
          "attributes": {
            "app_service_plan_id": "/subscriptions/d5580829-8fde-4134-a8ef-4926b6178816/resourceGroups/RSG-Teamone/providers/Microsoft.Web/serverfarms/team1serviceplan",
            "app_settings": {
              "SOME_KEY": "some-value"
            },
            "auth_settings": [
              {
                "active_directory": [],
                "additional_login_params": {},
                "allowed_external_redirect_urls": [],
                "default_provider": "",
                "enabled": false,
                "facebook": [],
                "google": [],
                "issuer": "",
                "microsoft": [],
                "runtime_version": "",
                "token_refresh_extension_hours": 0,
                "token_store_enabled": false,
                "twitter": [],
                "unauthenticated_client_action": ""
              }
            ],
            "backup": [],
            "client_affinity_enabled": false,
            "client_cert_enabled": false,
            "client_cert_mode": "Required",
            "connection_string": [
              {
                "name": "Database",
                "type": "SQLServer",
                "value": "Server=some-server.mydomain.com;Integrated Security=SSPI"
              }
            ],
            "custom_domain_verification_id": "EE34D91266ADDAA5DB58DFB9AA591C34C1CAD74FF8EF88A292F11E5A40DA08DF",
            "default_site_hostname": "team1-wep-app.azurewebsites.net",
            "enabled": true,
            "https_only": false,
            "id": "/subscriptions/d5580829-8fde-4134-a8ef-4926b6178816/resourceGroups/RSG-Teamone/providers/Microsoft.Web/sites/team1-wep-app",
            "identity": [],
            "key_vault_reference_identity_id": "SystemAssigned",
            "location": "koreacentral",
            "logs": [
              {
                "application_logs": [
                  {
                    "azure_blob_storage": [],
                    "file_system_level": "Off"
                  }
                ],
                "detailed_error_messages_enabled": false,
                "failed_request_tracing_enabled": false,
                "http_logs": [
                  {
                    "azure_blob_storage": [],
                    "file_system": []
                  }
                ]
              }
            ],
            "name": "team1-wep-app",
            "outbound_ip_address_list": [
              "40.82.136.41",
              "40.82.143.92",
              "40.82.152.64",
              "40.82.153.10",
              "40.82.154.178",
              "20.39.184.100",
              "20.41.66.224"
            ],
            "outbound_ip_addresses": "40.82.136.41,40.82.143.92,40.82.152.64,40.82.153.10,40.82.154.178,20.39.184.100,20.41.66.224",
            "possible_outbound_ip_address_list": [
              "40.82.136.41",
              "40.82.143.92",
              "40.82.152.64",
              "40.82.153.10",
              "40.82.154.178",
              "20.39.184.100",
              "40.82.154.21",
              "20.39.186.19",
              "20.39.186.213",
              "40.82.137.208",
              "20.39.186.216",
              "20.39.189.53",
              "20.39.189.133",
              "52.141.27.221",
              "52.141.28.26",
              "52.141.28.213",
              "52.141.29.192",
              "40.82.136.214",
              "52.231.105.9",
              "52.231.106.18",
              "52.231.106.118",
              "52.231.106.144",
              "52.231.106.179",
              "52.231.106.182",
              "52.231.108.184",
              "52.231.108.197",
              "52.231.108.201",
              "20.39.191.122",
              "52.141.28.126",
              "52.141.28.136",
              "20.41.66.224"
            ],
            "possible_outbound_ip_addresses": "40.82.136.41,40.82.143.92,40.82.152.64,40.82.153.10,40.82.154.178,20.39.184.100,40.82.154.21,20.39.186.19,20.39.186.213,40.82.137.208,20.39.186.216,20.39.189.53,20.39.189.133,52.141.27.221,52.141.28.26,52.141.28.213,52.141.29.192,40.82.136.214,52.231.105.9,52.231.106.18,52.231.106.118,52.231.106.144,52.231.106.179,52.231.106.182,52.231.108.184,52.231.108.197,52.231.108.201,20.39.191.122,52.141.28.126,52.141.28.136,20.41.66.224",
            "resource_group_name": "RSG-Teamone",
            "site_config": [
              {
                "acr_use_managed_identity_credentials": false,
                "acr_user_managed_identity_client_id": "",
                "always_on": false,
                "app_command_line": "",
                "auto_swap_slot_name": "",
                "cors": [
                  {
                    "allowed_origins": [],
                    "support_credentials": false
                  }
                ],
                "default_documents": [
                  "Default.htm",
                  "Default.html",
                  "Default.asp",
                  "index.htm",
                  "index.html",
                  "iisstart.htm",
                  "default.aspx",
                  "index.php",
                  "hostingstart.html"
                ],
                "dotnet_framework_version": "v4.0",
                "ftps_state": "AllAllowed",
                "health_check_path": "",
                "http2_enabled": false,
                "ip_restriction": [],
                "java_container": "",
                "java_container_version": "",
                "java_version": "",
                "linux_fx_version": "",
                "local_mysql_enabled": false,
                "managed_pipeline_mode": "Integrated",
                "min_tls_version": "1.2",
                "number_of_workers": 1,
                "php_version": "5.6",
                "python_version": "",
                "remote_debugging_enabled": false,
                "remote_debugging_version": "VS2019",
                "scm_ip_restriction": [],
                "scm_type": "ExternalGit",
                "scm_use_main_ip_restriction": false,
                "use_32_bit_worker_process": true,
                "vnet_route_all_enabled": false,
                "websockets_enabled": false,
                "windows_fx_version": ""
              }
            ],
            "site_credential": [
              {
                "password": "q00CCb1DKrRfmAttxMuS9e5FAvy4Hk99qJeMccgsvJxkdZD1wbm2hryaBfFC",
                "username": "$team1-wep-app"
              }
            ],
            "source_control": [
              {
                "branch": "master",
                "manual_integration": true,
                "repo_url": "https://github.com/WordPress/WordPress",
                "rollback_enabled": false,
                "use_mercurial": false
              }
            ],
            "storage_account": [],
            "tags": {},
            "timeouts": null
          },
          "sensitive_attributes": [],
          "private": "eyJlMmJmYjczMC1lY2FhLTExZTYtOGY4OC0zNDM2M2JjN2M0YzAiOnsiY3JlYXRlIjoxODAwMDAwMDAwMDAwLCJkZWxldGUiOjE4MDAwMDAwMDAwMDAsInJlYWQiOjMwMDAwMDAwMDAwMCwidXBkYXRlIjoxODAwMDAwMDAwMDAwfX0=",
          "dependencies": [
            "azurerm_app_service_plan.app-plan",
            "azurerm_resource_group.resourcegroup"
          ]
        }
      ]
    },
    {
      "mode": "managed",
      "type": "azurerm_app_service_plan",
      "name": "app-plan",
      "provider": "provider[\"registry.terraform.io/hashicorp/azurerm\"]",
      "instances": [
        {
          "schema_version": 0,
          "attributes": {
            "app_service_environment_id": "",
            "id": "/subscriptions/d5580829-8fde-4134-a8ef-4926b6178816/resourceGroups/RSG-Teamone/providers/Microsoft.Web/serverfarms/team1serviceplan",
            "is_xenon": false,
            "kind": "Windows",
            "location": "koreacentral",
            "maximum_elastic_worker_count": 1,
            "maximum_number_of_workers": 1,
            "name": "team1serviceplan",
            "per_site_scaling": false,
            "reserved": false,
            "resource_group_name": "RSG-Teamone",
            "sku": [
              {
                "capacity": 0,
                "size": "F1",
                "tier": "Free"
              }
            ],
            "tags": {},
            "timeouts": null,
            "zone_redundant": false
          },
          "sensitive_attributes": [],
          "private": "eyJlMmJmYjczMC1lY2FhLTExZTYtOGY4OC0zNDM2M2JjN2M0YzAiOnsiY3JlYXRlIjozNjAwMDAwMDAwMDAwLCJkZWxldGUiOjM2MDAwMDAwMDAwMDAsInJlYWQiOjMwMDAwMDAwMDAwMCwidXBkYXRlIjozNjAwMDAwMDAwMDAwfX0=",
          "dependencies": [
            "azurerm_resource_group.resourcegroup"
          ]
        }
      ]
    },
    {
      "mode": "managed",
      "type": "azurerm_mysql_database",
      "name": "app-database",
      "provider": "provider[\"registry.terraform.io/hashicorp/azurerm\"]",
      "instances": [
        {
          "schema_version": 0,
          "attributes": {
            "charset": "utf8",
            "collation": "utf8_unicode_ci",
            "id": "/subscriptions/d5580829-8fde-4134-a8ef-4926b6178816/resourceGroups/RSG-Teamone/providers/Microsoft.DBforMySQL/servers/team1mysqlserver/databases/team1appdatabase",
            "name": "team1appdatabase",
            "resource_group_name": "RSG-Teamone",
            "server_name": "team1mysqlserver",
            "timeouts": null
          },
          "sensitive_attributes": [],
          "private": "eyJlMmJmYjczMC1lY2FhLTExZTYtOGY4OC0zNDM2M2JjN2M0YzAiOnsiY3JlYXRlIjozNjAwMDAwMDAwMDAwLCJkZWxldGUiOjM2MDAwMDAwMDAwMDAsInJlYWQiOjMwMDAwMDAwMDAwMCwidXBkYXRlIjozNjAwMDAwMDAwMDAwfX0=",
          "dependencies": [
            "azurerm_mysql_server.mysql-server",
            "azurerm_resource_group.resourcegroup"
          ]
        }
      ]
    },
    {
      "mode": "managed",
      "type": "azurerm_mysql_server",
      "name": "mysql-server",
      "provider": "provider[\"registry.terraform.io/hashicorp/azurerm\"]",
      "instances": [
        {
          "schema_version": 0,
          "attributes": {
            "administrator_login": "team1lbn",
            "administrator_login_password": "Team1Okeluon",
            "auto_grow_enabled": true,
            "backup_retention_days": 7,
            "create_mode": "Default",
            "creation_source_server_id": null,
            "fqdn": "team1mysqlserver.mysql.database.azure.com",
            "geo_redundant_backup_enabled": false,
            "id": "/subscriptions/d5580829-8fde-4134-a8ef-4926b6178816/resourceGroups/RSG-Teamone/providers/Microsoft.DBforMySQL/servers/team1mysqlserver",
            "identity": [],
            "infrastructure_encryption_enabled": false,
            "location": "koreacentral",
            "name": "team1mysqlserver",
            "public_network_access_enabled": true,
            "resource_group_name": "RSG-Teamone",
            "restore_point_in_time": null,
            "sku_name": "B_Gen5_2",
            "ssl_enforcement": "Enabled",
            "ssl_enforcement_enabled": true,
            "ssl_minimal_tls_version_enforced": "TLS1_2",
            "storage_mb": 5120,
            "storage_profile": [
              {
                "auto_grow": "Enabled",
                "backup_retention_days": 7,
                "geo_redundant_backup": "Disabled",
                "storage_mb": 5120
              }
            ],
            "tags": {},
            "threat_detection_policy": [],
            "timeouts": null,
            "version": "5.7"
          },
          "sensitive_attributes": [],
          "private": "eyJlMmJmYjczMC1lY2FhLTExZTYtOGY4OC0zNDM2M2JjN2M0YzAiOnsiY3JlYXRlIjozNjAwMDAwMDAwMDAwLCJkZWxldGUiOjM2MDAwMDAwMDAwMDAsInJlYWQiOjMwMDAwMDAwMDAwMCwidXBkYXRlIjozNjAwMDAwMDAwMDAwfX0=",
          "dependencies": [
            "azurerm_resource_group.resourcegroup"
          ]
        }
      ]
    },
    {
      "mode": "managed",
      "type": "azurerm_resource_group",
      "name": "resourcegroup",
      "provider": "provider[\"registry.terraform.io/hashicorp/azurerm\"]",
      "instances": [
        {
          "schema_version": 0,
          "attributes": {
            "id": "/subscriptions/d5580829-8fde-4134-a8ef-4926b6178816/resourceGroups/RSG-Teamone",
            "location": "koreacentral",
            "name": "RSG-Teamone",
            "tags": {},
            "timeouts": null
          },
          "sensitive_attributes": [],
          "private": "eyJlMmJmYjczMC1lY2FhLTExZTYtOGY4OC0zNDM2M2JjN2M0YzAiOnsiY3JlYXRlIjo1NDAwMDAwMDAwMDAwLCJkZWxldGUiOjU0MDAwMDAwMDAwMDAsInJlYWQiOjMwMDAwMDAwMDAwMCwidXBkYXRlIjo1NDAwMDAwMDAwMDAwfX0="
        }
      ]
    }
  ]
}
